
Microsoft Visual Studio Solution File, Format Version 12.00
Project("{FAE04EC0-301F-11D3-BF4B-00C04F79EFBC}") = "AdventOfCode10", "AdventOfCode10\AdventOfCode10.csproj", "{5F1D9184-358F-4F31-A67E-8D70E1CAE6F8}"
EndProject
Global
	GlobalSection(SolutionConfigurationPlatforms) = preSolution
		Debug|Any CPU = Debug|Any CPU
		Release|Any CPU = Release|Any CPU
	EndGlobalSection
	GlobalSection(ProjectConfigurationPlatforms) = postSolution
		{5F1D9184-358F-4F31-A67E-8D70E1CAE6F8}.Debug|Any CPU.ActiveCfg = Debug|Any CPU
		{5F1D9184-358F-4F31-A67E-8D70E1CAE6F8}.Debug|Any CPU.Build.0 = Debug|Any CPU
		{5F1D9184-358F-4F31-A67E-8D70E1CAE6F8}.Release|Any CPU.ActiveCfg = Release|Any CPU
		{5F1D9184-358F-4F31-A67E-8D70E1CAE6F8}.Release|Any CPU.Build.0 = Release|Any CPU
	EndGlobalSection
EndGlobal
