
Microsoft Visual Studio Solution File, Format Version 12.00
Project("{FAE04EC0-301F-11D3-BF4B-00C04F79EFBC}") = "AdventOfCode14", "AdventOfCode14\AdventOfCode14.csproj", "{5F96E7E2-1998-4654-A74F-0FAB2834BFC1}"
EndProject
Global
	GlobalSection(SolutionConfigurationPlatforms) = preSolution
		Debug|Any CPU = Debug|Any CPU
		Release|Any CPU = Release|Any CPU
	EndGlobalSection
	GlobalSection(ProjectConfigurationPlatforms) = postSolution
		{5F96E7E2-1998-4654-A74F-0FAB2834BFC1}.Debug|Any CPU.ActiveCfg = Debug|Any CPU
		{5F96E7E2-1998-4654-A74F-0FAB2834BFC1}.Debug|Any CPU.Build.0 = Debug|Any CPU
		{5F96E7E2-1998-4654-A74F-0FAB2834BFC1}.Release|Any CPU.ActiveCfg = Release|Any CPU
		{5F96E7E2-1998-4654-A74F-0FAB2834BFC1}.Release|Any CPU.Build.0 = Release|Any CPU
	EndGlobalSection
EndGlobal
