
Microsoft Visual Studio Solution File, Format Version 12.00
Project("{F2A71F9B-5D33-465A-A702-920D77279786}") = "day9", "day9\day9.fsproj", "{CC3860B7-6232-467E-8785-CCB583742177}"
EndProject
Global
	GlobalSection(SolutionConfigurationPlatforms) = preSolution
		Debug|Any CPU = Debug|Any CPU
		Release|Any CPU = Release|Any CPU
	EndGlobalSection
	GlobalSection(ProjectConfigurationPlatforms) = postSolution
		{CC3860B7-6232-467E-8785-CCB583742177}.Debug|Any CPU.ActiveCfg = Debug|Any CPU
		{CC3860B7-6232-467E-8785-CCB583742177}.Debug|Any CPU.Build.0 = Debug|Any CPU
		{CC3860B7-6232-467E-8785-CCB583742177}.Release|Any CPU.ActiveCfg = Release|Any CPU
		{CC3860B7-6232-467E-8785-CCB583742177}.Release|Any CPU.Build.0 = Release|Any CPU
	EndGlobalSection
EndGlobal
